
Microsoft Visual Studio Solution File, Format Version 12.00
# Visual Studio Version 16
VisualStudioVersion = 16.0.32510.428
MinimumVisualStudioVersion = 10.0.40219.1
Project("{FAE04EC0-301F-11D3-BF4B-00C04F79EFBC}") = "ExamenCalidad", "ExamenCalidad\ExamenCalidad.csproj", "{8DB60227-4E5E-4EA7-B4B2-4CA9000FA915}"
EndProject
Project("{FAE04EC0-301F-11D3-BF4B-00C04F79EFBC}") = "ExamenTest", "ExamenTest\ExamenTest.csproj", "{6D36195E-D862-444B-85F9-6B23EC39C6DE}"
EndProject
Global
	GlobalSection(SolutionConfigurationPlatforms) = preSolution
		Debug|Any CPU = Debug|Any CPU
		Release|Any CPU = Release|Any CPU
	EndGlobalSection
	GlobalSection(ProjectConfigurationPlatforms) = postSolution
		{8DB60227-4E5E-4EA7-B4B2-4CA9000FA915}.Debug|Any CPU.ActiveCfg = Debug|Any CPU
		{8DB60227-4E5E-4EA7-B4B2-4CA9000FA915}.Debug|Any CPU.Build.0 = Debug|Any CPU
		{8DB60227-4E5E-4EA7-B4B2-4CA9000FA915}.Release|Any CPU.ActiveCfg = Release|Any CPU
		{8DB60227-4E5E-4EA7-B4B2-4CA9000FA915}.Release|Any CPU.Build.0 = Release|Any CPU
		{6D36195E-D862-444B-85F9-6B23EC39C6DE}.Debug|Any CPU.ActiveCfg = Debug|Any CPU
		{6D36195E-D862-444B-85F9-6B23EC39C6DE}.Debug|Any CPU.Build.0 = Debug|Any CPU
		{6D36195E-D862-444B-85F9-6B23EC39C6DE}.Release|Any CPU.ActiveCfg = Release|Any CPU
		{6D36195E-D862-444B-85F9-6B23EC39C6DE}.Release|Any CPU.Build.0 = Release|Any CPU
	EndGlobalSection
	GlobalSection(SolutionProperties) = preSolution
		HideSolutionNode = FALSE
	EndGlobalSection
	GlobalSection(ExtensibilityGlobals) = postSolution
		SolutionGuid = {BE402721-3564-4AB3-9723-D884D36152B4}
	EndGlobalSection
EndGlobal
